
Microsoft Visual Studio Solution File, Format Version 12.00
# Visual Studio 2015
Project("{FAE04EC0-301F-11D3-BF4B-00C04F79EFBC}") = "Racing game.CSharp", "Racing game.CSharp.csproj", "{F167E494-02D9-BC10-6C17-C441161B7961}"
EndProject
Global
	GlobalSection(SolutionConfigurationPlatforms) = preSolution
		Debug|Any CPU = Debug|Any CPU
		Release|Any CPU = Release|Any CPU
	EndGlobalSection
	GlobalSection(ProjectConfigurationPlatforms) = postSolution
		{F167E494-02D9-BC10-6C17-C441161B7961}.Debug|Any CPU.ActiveCfg = Debug|Any CPU
		{F167E494-02D9-BC10-6C17-C441161B7961}.Debug|Any CPU.Build.0 = Debug|Any CPU
		{F167E494-02D9-BC10-6C17-C441161B7961}.Release|Any CPU.ActiveCfg = Release|Any CPU
		{F167E494-02D9-BC10-6C17-C441161B7961}.Release|Any CPU.Build.0 = Release|Any CPU
	EndGlobalSection
	GlobalSection(SolutionProperties) = preSolution
		HideSolutionNode = FALSE
	EndGlobalSection
EndGlobal
